
Microsoft Visual Studio Solution File, Format Version 12.00
# Visual Studio Version 16
VisualStudioVersion = 16.0.30621.155
MinimumVisualStudioVersion = 10.0.40219.1
Project("{FAE04EC0-301F-11D3-BF4B-00C04F79EFBC}") = "AplicacaoMVC5", "AplicacaoMVC5\AplicacaoMVC5.csproj", "{0ABD97E3-30FF-435B-931D-09049F83ECFF}"
EndProject
Global
	GlobalSection(SolutionConfigurationPlatforms) = preSolution
		Debug|Any CPU = Debug|Any CPU
		Release|Any CPU = Release|Any CPU
	EndGlobalSection
	GlobalSection(ProjectConfigurationPlatforms) = postSolution
		{0ABD97E3-30FF-435B-931D-09049F83ECFF}.Debug|Any CPU.ActiveCfg = Debug|Any CPU
		{0ABD97E3-30FF-435B-931D-09049F83ECFF}.Debug|Any CPU.Build.0 = Debug|Any CPU
		{0ABD97E3-30FF-435B-931D-09049F83ECFF}.Release|Any CPU.ActiveCfg = Release|Any CPU
		{0ABD97E3-30FF-435B-931D-09049F83ECFF}.Release|Any CPU.Build.0 = Release|Any CPU
	EndGlobalSection
	GlobalSection(SolutionProperties) = preSolution
		HideSolutionNode = FALSE
	EndGlobalSection
	GlobalSection(ExtensibilityGlobals) = postSolution
		SolutionGuid = {FFA027DD-F399-4AD4-9CE6-963B7123001A}
	EndGlobalSection
EndGlobal
